// !$*UTF8*$!
{
	archiveVersion = 1;
	classes = {
	};
	objectVersion = 46;
	objects = {

/* Begin PBXBuildFile section */
		255234BE1554927914F51F55 /* Pods.framework in Frameworks */ = {isa = PBXBuildFile; fileRef = 66774280AE5D357E5549122F /* Pods.framework */; settings = {ATTRIBUTES = (Weak, ); }; };
		4113FB6E1BA86F8C00FD3FA0 /* HomeScreenCollectionViewCell.swift in Sources */ = {isa = PBXBuildFile; fileRef = 4113FB6C1BA86F8C00FD3FA0 /* HomeScreenCollectionViewCell.swift */; };
		4113FB6F1BA86F8C00FD3FA0 /* HomeScreenCollectionViewCell.xib in Resources */ = {isa = PBXBuildFile; fileRef = 4113FB6D1BA86F8C00FD3FA0 /* HomeScreenCollectionViewCell.xib */; };
		412E4A171BA828D40044F752 /* UserAuthViewController.xib in Resources */ = {isa = PBXBuildFile; fileRef = 412E4A161BA828D40044F752 /* UserAuthViewController.xib */; };
		412E4A1B1BA840E50044F752 /* Globals.swift in Sources */ = {isa = PBXBuildFile; fileRef = 412E4A1A1BA840E50044F752 /* Globals.swift */; };
		412E62461BA825D400346E01 /* AppDelegate.swift in Sources */ = {isa = PBXBuildFile; fileRef = 412E62451BA825D400346E01 /* AppDelegate.swift */; };
		412E62491BA825D400346E01 /* Catalyst.xcdatamodeld in Sources */ = {isa = PBXBuildFile; fileRef = 412E62471BA825D400346E01 /* Catalyst.xcdatamodeld */; };
		412E624B1BA825D400346E01 /* UserAuthViewController.swift in Sources */ = {isa = PBXBuildFile; fileRef = 412E624A1BA825D400346E01 /* UserAuthViewController.swift */; };
		412E62501BA825D400346E01 /* Images.xcassets in Resources */ = {isa = PBXBuildFile; fileRef = 412E624F1BA825D400346E01 /* Images.xcassets */; };
		412E62531BA825D400346E01 /* LaunchScreen.xib in Resources */ = {isa = PBXBuildFile; fileRef = 412E62511BA825D400346E01 /* LaunchScreen.xib */; };
		E584EEF11BA8ACA500325934 /* MatchesViewController.swift in Sources */ = {isa = PBXBuildFile; fileRef = E584EEEF1BA8ACA500325934 /* MatchesViewController.swift */; };
		E584EEF21BA8ACA500325934 /* MatchesViewController.xib in Resources */ = {isa = PBXBuildFile; fileRef = E584EEF01BA8ACA500325934 /* MatchesViewController.xib */; };
		E584EEF51BA8B13500325934 /* HomeHeaderView.swift in Sources */ = {isa = PBXBuildFile; fileRef = E584EEF31BA8B13500325934 /* HomeHeaderView.swift */; };
		E584EEF61BA8B13500325934 /* HomeHeaderView.xib in Resources */ = {isa = PBXBuildFile; fileRef = E584EEF41BA8B13500325934 /* HomeHeaderView.xib */; };
		E5A9D94F1BA837EB002482F1 /* HomeScreenViewController.swift in Sources */ = {isa = PBXBuildFile; fileRef = E5A9D94D1BA837EB002482F1 /* HomeScreenViewController.swift */; };
		E5A9D9501BA837EB002482F1 /* HomeScreenViewController.xib in Resources */ = {isa = PBXBuildFile; fileRef = E5A9D94E1BA837EB002482F1 /* HomeScreenViewController.xib */; };
		E5A9D9531BA838E1002482F1 /* FBAuthViewController.swift in Sources */ = {isa = PBXBuildFile; fileRef = E5A9D9511BA838E1002482F1 /* FBAuthViewController.swift */; };
		E5A9D9541BA838E1002482F1 /* FBAuthViewController.xib in Resources */ = {isa = PBXBuildFile; fileRef = E5A9D9521BA838E1002482F1 /* FBAuthViewController.xib */; };
		E5D7349E1BA9575100CED053 /* MatchTableViewCell.swift in Sources */ = {isa = PBXBuildFile; fileRef = E5D7349D1BA9575100CED053 /* MatchTableViewCell.swift */; };
		E5D734A01BA9576100CED053 /* MatchTableViewCell.xib in Resources */ = {isa = PBXBuildFile; fileRef = E5D7349F1BA9576100CED053 /* MatchTableViewCell.xib */; };
		E5D734A71BA965D300CED053 /* ChatViewController.swift in Sources */ = {isa = PBXBuildFile; fileRef = E5D734A51BA965D300CED053 /* ChatViewController.swift */; };
		E5D734A81BA965D300CED053 /* ChatViewController.xib in Resources */ = {isa = PBXBuildFile; fileRef = E5D734A61BA965D300CED053 /* ChatViewController.xib */; };
/* End PBXBuildFile section */

/* Begin PBXFileReference section */
		15B8F0A0C824221B6C0DF5B8 /* Pods.release.xcconfig */ = {isa = PBXFileReference; includeInIndex = 1; lastKnownFileType = text.xcconfig; name = Pods.release.xcconfig; path = "Pods/Target Support Files/Pods/Pods.release.xcconfig"; sourceTree = "<group>"; };
		4113FB6C1BA86F8C00FD3FA0 /* HomeScreenCollectionViewCell.swift */ = {isa = PBXFileReference; fileEncoding = 4; lastKnownFileType = sourcecode.swift; path = HomeScreenCollectionViewCell.swift; sourceTree = "<group>"; };
		4113FB6D1BA86F8C00FD3FA0 /* HomeScreenCollectionViewCell.xib */ = {isa = PBXFileReference; fileEncoding = 4; lastKnownFileType = file.xib; path = HomeScreenCollectionViewCell.xib; sourceTree = "<group>"; };
		412E4A161BA828D40044F752 /* UserAuthViewController.xib */ = {isa = PBXFileReference; fileEncoding = 4; lastKnownFileType = file.xib; path = UserAuthViewController.xib; sourceTree = "<group>"; };
		412E4A1A1BA840E50044F752 /* Globals.swift */ = {isa = PBXFileReference; fileEncoding = 4; lastKnownFileType = sourcecode.swift; path = Globals.swift; sourceTree = "<group>"; };
		412E62401BA825D400346E01 /* Catalyst.app */ = {isa = PBXFileReference; explicitFileType = wrapper.application; includeInIndex = 0; path = Catalyst.app; sourceTree = BUILT_PRODUCTS_DIR; };
		412E62441BA825D400346E01 /* Info.plist */ = {isa = PBXFileReference; lastKnownFileType = text.plist.xml; path = Info.plist; sourceTree = "<group>"; };
		412E62451BA825D400346E01 /* AppDelegate.swift */ = {isa = PBXFileReference; lastKnownFileType = sourcecode.swift; path = AppDelegate.swift; sourceTree = "<group>"; };
		412E62481BA825D400346E01 /* Catalyst.xcdatamodel */ = {isa = PBXFileReference; lastKnownFileType = wrapper.xcdatamodel; path = Catalyst.xcdatamodel; sourceTree = "<group>"; };
		412E624A1BA825D400346E01 /* UserAuthViewController.swift */ = {isa = PBXFileReference; lastKnownFileType = sourcecode.swift; path = UserAuthViewController.swift; sourceTree = "<group>"; };
		412E624F1BA825D400346E01 /* Images.xcassets */ = {isa = PBXFileReference; lastKnownFileType = folder.assetcatalog; path = Images.xcassets; sourceTree = "<group>"; };
		412E62521BA825D400346E01 /* Base */ = {isa = PBXFileReference; lastKnownFileType = file.xib; name = Base; path = Base.lproj/LaunchScreen.xib; sourceTree = "<group>"; };
		412E625D1BA825D400346E01 /* Info.plist */ = {isa = PBXFileReference; lastKnownFileType = text.plist.xml; path = Info.plist; sourceTree = "<group>"; };
		412E625E1BA825D400346E01 /* CatalystTests.swift */ = {isa = PBXFileReference; lastKnownFileType = sourcecode.swift; path = CatalystTests.swift; sourceTree = "<group>"; };
		66774280AE5D357E5549122F /* Pods.framework */ = {isa = PBXFileReference; explicitFileType = wrapper.framework; includeInIndex = 0; path = Pods.framework; sourceTree = BUILT_PRODUCTS_DIR; };
		D4D016E67EB8181C41EB6B20 /* Pods.debug.xcconfig */ = {isa = PBXFileReference; includeInIndex = 1; lastKnownFileType = text.xcconfig; name = Pods.debug.xcconfig; path = "Pods/Target Support Files/Pods/Pods.debug.xcconfig"; sourceTree = "<group>"; };
		E584EEEF1BA8ACA500325934 /* MatchesViewController.swift */ = {isa = PBXFileReference; fileEncoding = 4; lastKnownFileType = sourcecode.swift; name = MatchesViewController.swift; path = catalyst/MatchesViewController.swift; sourceTree = SOURCE_ROOT; };
		E584EEF01BA8ACA500325934 /* MatchesViewController.xib */ = {isa = PBXFileReference; fileEncoding = 4; lastKnownFileType = file.xib; name = MatchesViewController.xib; path = catalyst/MatchesViewController.xib; sourceTree = SOURCE_ROOT; };
		E584EEF31BA8B13500325934 /* HomeHeaderView.swift */ = {isa = PBXFileReference; fileEncoding = 4; lastKnownFileType = sourcecode.swift; name = HomeHeaderView.swift; path = catalyst/HomeHeaderView.swift; sourceTree = SOURCE_ROOT; };
		E584EEF41BA8B13500325934 /* HomeHeaderView.xib */ = {isa = PBXFileReference; fileEncoding = 4; lastKnownFileType = file.xib; name = HomeHeaderView.xib; path = catalyst/HomeHeaderView.xib; sourceTree = SOURCE_ROOT; };
		E5A9D94D1BA837EB002482F1 /* HomeScreenViewController.swift */ = {isa = PBXFileReference; fileEncoding = 4; lastKnownFileType = sourcecode.swift; name = HomeScreenViewController.swift; path = catalyst/HomeScreenViewController.swift; sourceTree = SOURCE_ROOT; };
		E5A9D94E1BA837EB002482F1 /* HomeScreenViewController.xib */ = {isa = PBXFileReference; fileEncoding = 4; lastKnownFileType = file.xib; name = HomeScreenViewController.xib; path = catalyst/HomeScreenViewController.xib; sourceTree = SOURCE_ROOT; };
		E5A9D9511BA838E1002482F1 /* FBAuthViewController.swift */ = {isa = PBXFileReference; fileEncoding = 4; lastKnownFileType = sourcecode.swift; name = FBAuthViewController.swift; path = catalyst/FBAuthViewController.swift; sourceTree = SOURCE_ROOT; };
		E5A9D9521BA838E1002482F1 /* FBAuthViewController.xib */ = {isa = PBXFileReference; fileEncoding = 4; lastKnownFileType = file.xib; name = FBAuthViewController.xib; path = catalyst/FBAuthViewController.xib; sourceTree = SOURCE_ROOT; };
		E5D7349D1BA9575100CED053 /* MatchTableViewCell.swift */ = {isa = PBXFileReference; fileEncoding = 4; lastKnownFileType = sourcecode.swift; name = MatchTableViewCell.swift; path = catalyst/MatchTableViewCell.swift; sourceTree = SOURCE_ROOT; };
		E5D7349F1BA9576100CED053 /* MatchTableViewCell.xib */ = {isa = PBXFileReference; fileEncoding = 4; lastKnownFileType = file.xib; name = MatchTableViewCell.xib; path = catalyst/MatchTableViewCell.xib; sourceTree = SOURCE_ROOT; };
		E5D734A51BA965D300CED053 /* ChatViewController.swift */ = {isa = PBXFileReference; fileEncoding = 4; lastKnownFileType = sourcecode.swift; name = ChatViewController.swift; path = catalyst/ChatViewController.swift; sourceTree = SOURCE_ROOT; };
		E5D734A61BA965D300CED053 /* ChatViewController.xib */ = {isa = PBXFileReference; fileEncoding = 4; lastKnownFileType = file.xib; name = ChatViewController.xib; path = catalyst/ChatViewController.xib; sourceTree = SOURCE_ROOT; };
/* End PBXFileReference section */

/* Begin PBXFrameworksBuildPhase section */
		412E623D1BA825D400346E01 /* Frameworks */ = {
			isa = PBXFrameworksBuildPhase;
			buildActionMask = 2147483647;
			files = (
				255234BE1554927914F51F55 /* Pods.framework in Frameworks */,
			);
			runOnlyForDeploymentPostprocessing = 0;
		};
/* End PBXFrameworksBuildPhase section */

/* Begin PBXGroup section */
		412E62371BA825D300346E01 = {
			isa = PBXGroup;
			children = (
				412E62421BA825D400346E01 /* Catalyst */,
				412E625B1BA825D400346E01 /* CatalystTests */,
				412E62411BA825D400346E01 /* Products */,
				DBF003D726BD1E22030F5D1C /* Pods */,
				F2938D6B4805AFFB452D840C /* Frameworks */,
			);
			sourceTree = "<group>";
		};
		412E62411BA825D400346E01 /* Products */ = {
			isa = PBXGroup;
			children = (
				412E62401BA825D400346E01 /* Catalyst.app */,
			);
			name = Products;
			sourceTree = "<group>";
		};
		412E62421BA825D400346E01 /* Catalyst */ = {
			isa = PBXGroup;
			children = (
				412E62451BA825D400346E01 /* AppDelegate.swift */,
				E5A9D9511BA838E1002482F1 /* FBAuthViewController.swift */,
				E5A9D9521BA838E1002482F1 /* FBAuthViewController.xib */,
				412E624A1BA825D400346E01 /* UserAuthViewController.swift */,
				412E4A161BA828D40044F752 /* UserAuthViewController.xib */,
				E5A9D94D1BA837EB002482F1 /* HomeScreenViewController.swift */,
				E5A9D94E1BA837EB002482F1 /* HomeScreenViewController.xib */,
				E584EEF31BA8B13500325934 /* HomeHeaderView.swift */,
				E584EEF41BA8B13500325934 /* HomeHeaderView.xib */,
				4113FB6C1BA86F8C00FD3FA0 /* HomeScreenCollectionViewCell.swift */,
				4113FB6D1BA86F8C00FD3FA0 /* HomeScreenCollectionViewCell.xib */,
				E584EEEF1BA8ACA500325934 /* MatchesViewController.swift */,
				E584EEF01BA8ACA500325934 /* MatchesViewController.xib */,
				E5D7349D1BA9575100CED053 /* MatchTableViewCell.swift */,
				E5D7349F1BA9576100CED053 /* MatchTableViewCell.xib */,
				E5D734A51BA965D300CED053 /* ChatViewController.swift */,
				E5D734A61BA965D300CED053 /* ChatViewController.xib */,
				412E624F1BA825D400346E01 /* Images.xcassets */,
				412E62511BA825D400346E01 /* LaunchScreen.xib */,
				412E62471BA825D400346E01 /* Catalyst.xcdatamodeld */,
				412E4A1A1BA840E50044F752 /* Globals.swift */,
				412E62431BA825D400346E01 /* Supporting Files */,
			);
			path = Catalyst;
			sourceTree = "<group>";
		};
		412E62431BA825D400346E01 /* Supporting Files */ = {
			isa = PBXGroup;
			children = (
				412E62441BA825D400346E01 /* Info.plist */,
			);
			name = "Supporting Files";
			sourceTree = "<group>";
		};
		412E625B1BA825D400346E01 /* CatalystTests */ = {
			isa = PBXGroup;
			children = (
				412E625E1BA825D400346E01 /* CatalystTests.swift */,
				412E625C1BA825D400346E01 /* Supporting Files */,
			);
			path = CatalystTests;
			sourceTree = "<group>";
		};
		412E625C1BA825D400346E01 /* Supporting Files */ = {
			isa = PBXGroup;
			children = (
				412E625D1BA825D400346E01 /* Info.plist */,
			);
			name = "Supporting Files";
			sourceTree = "<group>";
		};
		DBF003D726BD1E22030F5D1C /* Pods */ = {
			isa = PBXGroup;
			children = (
				D4D016E67EB8181C41EB6B20 /* Pods.debug.xcconfig */,
				15B8F0A0C824221B6C0DF5B8 /* Pods.release.xcconfig */,
			);
			name = Pods;
			sourceTree = "<group>";
		};
		F2938D6B4805AFFB452D840C /* Frameworks */ = {
			isa = PBXGroup;
			children = (
				66774280AE5D357E5549122F /* Pods.framework */,
			);
			name = Frameworks;
			sourceTree = "<group>";
		};
/* End PBXGroup section */

/* Begin PBXNativeTarget section */
		412E623F1BA825D400346E01 /* Catalyst */ = {
			isa = PBXNativeTarget;
			buildConfigurationList = 412E62621BA825D400346E01 /* Build configuration list for PBXNativeTarget "Catalyst" */;
			buildPhases = (
				1F7AB959D537043A077BD9CC /* Check Pods Manifest.lock */,
				412E623C1BA825D400346E01 /* Sources */,
				412E623D1BA825D400346E01 /* Frameworks */,
				412E623E1BA825D400346E01 /* Resources */,
				7F0981B764308161BED37024 /* Embed Pods Frameworks */,
				35AB8F3088E50D440A018DC8 /* Copy Pods Resources */,
			);
			buildRules = (
			);
			dependencies = (
			);
			name = Catalyst;
			productName = Catalyst;
			productReference = 412E62401BA825D400346E01 /* Catalyst.app */;
			productType = "com.apple.product-type.application";
		};
/* End PBXNativeTarget section */

/* Begin PBXProject section */
		412E62381BA825D300346E01 /* Project object */ = {
			isa = PBXProject;
			attributes = {
				LastUpgradeCheck = 0640;
				ORGANIZATIONNAME = YoloAmazeballzInterwebs;
				TargetAttributes = {
					412E623F1BA825D400346E01 = {
						CreatedOnToolsVersion = 6.4;
					};
				};
			};
			buildConfigurationList = 412E623B1BA825D300346E01 /* Build configuration list for PBXProject "Catalyst" */;
			compatibilityVersion = "Xcode 3.2";
			developmentRegion = English;
			hasScannedForEncodings = 0;
			knownRegions = (
				en,
				Base,
			);
			mainGroup = 412E62371BA825D300346E01;
			productRefGroup = 412E62411BA825D400346E01 /* Products */;
			projectDirPath = "";
			projectRoot = "";
			targets = (
				412E623F1BA825D400346E01 /* Catalyst */,
			);
		};
/* End PBXProject section */

/* Begin PBXResourcesBuildPhase section */
		412E623E1BA825D400346E01 /* Resources */ = {
			isa = PBXResourcesBuildPhase;
			buildActionMask = 2147483647;
			files = (
				E584EEF61BA8B13500325934 /* HomeHeaderView.xib in Resources */,
				4113FB6F1BA86F8C00FD3FA0 /* HomeScreenCollectionViewCell.xib in Resources */,
				412E62531BA825D400346E01 /* LaunchScreen.xib in Resources */,
				E5D734A01BA9576100CED053 /* MatchTableViewCell.xib in Resources */,
				E584EEF21BA8ACA500325934 /* MatchesViewController.xib in Resources */,
				E5A9D9501BA837EB002482F1 /* HomeScreenViewController.xib in Resources */,
				E5A9D9541BA838E1002482F1 /* FBAuthViewController.xib in Resources */,
				412E4A171BA828D40044F752 /* UserAuthViewController.xib in Resources */,
				E5D734A81BA965D300CED053 /* ChatViewController.xib in Resources */,
				412E62501BA825D400346E01 /* Images.xcassets in Resources */,
			);
			runOnlyForDeploymentPostprocessing = 0;
		};
/* End PBXResourcesBuildPhase section */

/* Begin PBXShellScriptBuildPhase section */
		1F7AB959D537043A077BD9CC /* Check Pods Manifest.lock */ = {
			isa = PBXShellScriptBuildPhase;
			buildActionMask = 2147483647;
			files = (
			);
			inputPaths = (
			);
			name = "Check Pods Manifest.lock";
			outputPaths = (
			);
			runOnlyForDeploymentPostprocessing = 0;
			shellPath = /bin/sh;
			shellScript = "diff \"${PODS_ROOT}/../Podfile.lock\" \"${PODS_ROOT}/Manifest.lock\" > /dev/null\nif [[ $? != 0 ]] ; then\n    cat << EOM\nerror: The sandbox is not in sync with the Podfile.lock. Run 'pod install' or update your CocoaPods installation.\nEOM\n    exit 1\nfi\n";
			showEnvVarsInLog = 0;
		};
		35AB8F3088E50D440A018DC8 /* Copy Pods Resources */ = {
			isa = PBXShellScriptBuildPhase;
			buildActionMask = 2147483647;
			files = (
			);
			inputPaths = (
			);
			name = "Copy Pods Resources";
			outputPaths = (
			);
			runOnlyForDeploymentPostprocessing = 0;
			shellPath = /bin/sh;
			shellScript = "\"${SRCROOT}/Pods/Target Support Files/Pods/Pods-resources.sh\"\n";
			showEnvVarsInLog = 0;
		};
		7F0981B764308161BED37024 /* Embed Pods Frameworks */ = {
			isa = PBXShellScriptBuildPhase;
			buildActionMask = 2147483647;
			files = (
			);
			inputPaths = (
			);
			name = "Embed Pods Frameworks";
			outputPaths = (
			);
			runOnlyForDeploymentPostprocessing = 0;
			shellPath = /bin/sh;
			shellScript = "\"${SRCROOT}/Pods/Target Support Files/Pods/Pods-frameworks.sh\"\n";
			showEnvVarsInLog = 0;
		};
/* End PBXShellScriptBuildPhase section */

/* Begin PBXSourcesBuildPhase section */
		412E623C1BA825D400346E01 /* Sources */ = {
			isa = PBXSourcesBuildPhase;
			buildActionMask = 2147483647;
			files = (
				E5A9D9531BA838E1002482F1 /* FBAuthViewController.swift in Sources */,
				412E624B1BA825D400346E01 /* UserAuthViewController.swift in Sources */,
				E5D734A71BA965D300CED053 /* ChatViewController.swift in Sources */,
				E584EEF11BA8ACA500325934 /* MatchesViewController.swift in Sources */,
				E584EEF51BA8B13500325934 /* HomeHeaderView.swift in Sources */,
				4113FB6E1BA86F8C00FD3FA0 /* HomeScreenCollectionViewCell.swift in Sources */,
				412E4A1B1BA840E50044F752 /* Globals.swift in Sources */,
				E5A9D94F1BA837EB002482F1 /* HomeScreenViewController.swift in Sources */,
				E5D7349E1BA9575100CED053 /* MatchTableViewCell.swift in Sources */,
				412E62491BA825D400346E01 /* Catalyst.xcdatamodeld in Sources */,
				412E62461BA825D400346E01 /* AppDelegate.swift in Sources */,
			);
			runOnlyForDeploymentPostprocessing = 0;
		};
/* End PBXSourcesBuildPhase section */

/* Begin PBXVariantGroup section */
		412E62511BA825D400346E01 /* LaunchScreen.xib */ = {
			isa = PBXVariantGroup;
			children = (
				412E62521BA825D400346E01 /* Base */,
			);
			name = LaunchScreen.xib;
			sourceTree = "<group>";
		};
/* End PBXVariantGroup section */

/* Begin XCBuildConfiguration section */
		412E62601BA825D400346E01 /* Debug */ = {
			isa = XCBuildConfiguration;
			buildSettings = {
				ALWAYS_SEARCH_USER_PATHS = NO;
				CLANG_CXX_LANGUAGE_STANDARD = "gnu++0x";
				CLANG_CXX_LIBRARY = "libc++";
				CLANG_ENABLE_MODULES = YES;
				CLANG_ENABLE_OBJC_ARC = YES;
				CLANG_WARN_BOOL_CONVERSION = YES;
				CLANG_WARN_CONSTANT_CONVERSION = YES;
				CLANG_WARN_DIRECT_OBJC_ISA_USAGE = YES_ERROR;
				CLANG_WARN_EMPTY_BODY = YES;
				CLANG_WARN_ENUM_CONVERSION = YES;
				CLANG_WARN_INT_CONVERSION = YES;
				CLANG_WARN_OBJC_ROOT_CLASS = YES_ERROR;
				CLANG_WARN_UNREACHABLE_CODE = YES;
				CLANG_WARN__DUPLICATE_METHOD_MATCH = YES;
				"CODE_SIGN_IDENTITY[sdk=iphoneos*]" = "iPhone Developer";
				COPY_PHASE_STRIP = NO;
				DEBUG_INFORMATION_FORMAT = "dwarf-with-dsym";
				ENABLE_STRICT_OBJC_MSGSEND = YES;
				GCC_C_LANGUAGE_STANDARD = gnu99;
				GCC_DYNAMIC_NO_PIC = NO;
				GCC_NO_COMMON_BLOCKS = YES;
				GCC_OPTIMIZATION_LEVEL = 0;
				GCC_PREPROCESSOR_DEFINITIONS = (
					"DEBUG=1",
					"$(inherited)",
				);
				GCC_SYMBOLS_PRIVATE_EXTERN = NO;
				GCC_WARN_64_TO_32_BIT_CONVERSION = YES;
				GCC_WARN_ABOUT_RETURN_TYPE = YES_ERROR;
				GCC_WARN_UNDECLARED_SELECTOR = YES;
				GCC_WARN_UNINITIALIZED_AUTOS = YES_AGGRESSIVE;
				GCC_WARN_UNUSED_FUNCTION = YES;
				GCC_WARN_UNUSED_VARIABLE = YES;
				IPHONEOS_DEPLOYMENT_TARGET = 8.0;
				MTL_ENABLE_DEBUG_INFO = YES;
				ONLY_ACTIVE_ARCH = YES;
				SDKROOT = iphoneos;
				SWIFT_OPTIMIZATION_LEVEL = "-Onone";
				TARGETED_DEVICE_FAMILY = "1,2";
			};
			name = Debug;
		};
		412E62611BA825D400346E01 /* Release */ = {
			isa = XCBuildConfiguration;
			buildSettings = {
				ALWAYS_SEARCH_USER_PATHS = NO;
				CLANG_CXX_LANGUAGE_STANDARD = "gnu++0x";
				CLANG_CXX_LIBRARY = "libc++";
				CLANG_ENABLE_MODULES = YES;
				CLANG_ENABLE_OBJC_ARC = YES;
				CLANG_WARN_BOOL_CONVERSION = YES;
				CLANG_WARN_CONSTANT_CONVERSION = YES;
				CLANG_WARN_DIRECT_OBJC_ISA_USAGE = YES_ERROR;
				CLANG_WARN_EMPTY_BODY = YES;
				CLANG_WARN_ENUM_CONVERSION = YES;
				CLANG_WARN_INT_CONVERSION = YES;
				CLANG_WARN_OBJC_ROOT_CLASS = YES_ERROR;
				CLANG_WARN_UNREACHABLE_CODE = YES;
				CLANG_WARN__DUPLICATE_METHOD_MATCH = YES;
				"CODE_SIGN_IDENTITY[sdk=iphoneos*]" = "iPhone Developer";
				COPY_PHASE_STRIP = NO;
				DEBUG_INFORMATION_FORMAT = "dwarf-with-dsym";
				ENABLE_NS_ASSERTIONS = NO;
				ENABLE_STRICT_OBJC_MSGSEND = YES;
				GCC_C_LANGUAGE_STANDARD = gnu99;
				GCC_NO_COMMON_BLOCKS = YES;
				GCC_WARN_64_TO_32_BIT_CONVERSION = YES;
				GCC_WARN_ABOUT_RETURN_TYPE = YES_ERROR;
				GCC_WARN_UNDECLARED_SELECTOR = YES;
				GCC_WARN_UNINITIALIZED_AUTOS = YES_AGGRESSIVE;
				GCC_WARN_UNUSED_FUNCTION = YES;
				GCC_WARN_UNUSED_VARIABLE = YES;
				IPHONEOS_DEPLOYMENT_TARGET = 8.0;
				MTL_ENABLE_DEBUG_INFO = NO;
				SDKROOT = iphoneos;
				TARGETED_DEVICE_FAMILY = "1,2";
				VALIDATE_PRODUCT = YES;
			};
			name = Release;
		};
		412E62631BA825D400346E01 /* Debug */ = {
			isa = XCBuildConfiguration;
			baseConfigurationReference = D4D016E67EB8181C41EB6B20 /* Pods.debug.xcconfig */;
			buildSettings = {
				ASSETCATALOG_COMPILER_APPICON_NAME = AppIcon;
				INFOPLIST_FILE = Catalyst/Info.plist;
				LD_RUNPATH_SEARCH_PATHS = "$(inherited) @executable_path/Frameworks";
				PRODUCT_NAME = "$(TARGET_NAME)";
				TARGETED_DEVICE_FAMILY = 1;
			};
			name = Debug;
		};
		412E62641BA825D400346E01 /* Release */ = {
			isa = XCBuildConfiguration;
			baseConfigurationReference = 15B8F0A0C824221B6C0DF5B8 /* Pods.release.xcconfig */;
			buildSettings = {
				ASSETCATALOG_COMPILER_APPICON_NAME = AppIcon;
				INFOPLIST_FILE = Catalyst/Info.plist;
				LD_RUNPATH_SEARCH_PATHS = "$(inherited) @executable_path/Frameworks";
				PRODUCT_NAME = "$(TARGET_NAME)";
				TARGETED_DEVICE_FAMILY = 1;
			};
			name = Release;
		};
/* End XCBuildConfiguration section */

/* Begin XCConfigurationList section */
		412E623B1BA825D300346E01 /* Build configuration list for PBXProject "Catalyst" */ = {
			isa = XCConfigurationList;
			buildConfigurations = (
				412E62601BA825D400346E01 /* Debug */,
				412E62611BA825D400346E01 /* Release */,
			);
			defaultConfigurationIsVisible = 0;
			defaultConfigurationName = Release;
		};
		412E62621BA825D400346E01 /* Build configuration list for PBXNativeTarget "Catalyst" */ = {
			isa = XCConfigurationList;
			buildConfigurations = (
				412E62631BA825D400346E01 /* Debug */,
				412E62641BA825D400346E01 /* Release */,
			);
			defaultConfigurationIsVisible = 0;
			defaultConfigurationName = Release;
		};
/* End XCConfigurationList section */

/* Begin XCVersionGroup section */
		412E62471BA825D400346E01 /* Catalyst.xcdatamodeld */ = {
			isa = XCVersionGroup;
			children = (
				412E62481BA825D400346E01 /* Catalyst.xcdatamodel */,
			);
			currentVersion = 412E62481BA825D400346E01 /* Catalyst.xcdatamodel */;
			path = Catalyst.xcdatamodeld;
			sourceTree = "<group>";
			versionGroupType = wrapper.xcdatamodel;
		};
/* End XCVersionGroup section */
	};
	rootObject = 412E62381BA825D300346E01 /* Project object */;
}
